
Microsoft Visual Studio Solution File, Format Version 12.00
# Visual Studio Version 16
VisualStudioVersion = 16.0.29613.14
MinimumVisualStudioVersion = 10.0.40219.1
Project("{FAE04EC0-301F-11D3-BF4B-00C04F79EFBC}") = "Capacitacion.Android", "Capacitacion.Android\Capacitacion.Android.csproj", "{1ED0756E-E686-49D6-9843-D89D911428F0}"
EndProject
Project("{FAE04EC0-301F-11D3-BF4B-00C04F79EFBC}") = "Capacitacion.iOS", "Capacitacion.iOS\Capacitacion.iOS.csproj", "{757A254F-C23F-4D00-9FF1-046287F7C476}"
EndProject
Project("{FAE04EC0-301F-11D3-BF4B-00C04F79EFBC}") = "Capacitacion", "Capacitacion\Capacitacion.csproj", "{8785ECA5-8AFA-4C6E-898F-8CE0C207FC7D}"
EndProject
Global
	GlobalSection(SolutionConfigurationPlatforms) = preSolution
		Debug|Any CPU = Debug|Any CPU
		Debug|iPhone = Debug|iPhone
		Debug|iPhoneSimulator = Debug|iPhoneSimulator
		Release|Any CPU = Release|Any CPU
		Release|iPhone = Release|iPhone
		Release|iPhoneSimulator = Release|iPhoneSimulator
	EndGlobalSection
	GlobalSection(ProjectConfigurationPlatforms) = postSolution
		{1ED0756E-E686-49D6-9843-D89D911428F0}.Debug|Any CPU.ActiveCfg = Debug|Any CPU
		{1ED0756E-E686-49D6-9843-D89D911428F0}.Debug|Any CPU.Build.0 = Debug|Any CPU
		{1ED0756E-E686-49D6-9843-D89D911428F0}.Debug|Any CPU.Deploy.0 = Debug|Any CPU
		{1ED0756E-E686-49D6-9843-D89D911428F0}.Debug|iPhone.ActiveCfg = Debug|Any CPU
		{1ED0756E-E686-49D6-9843-D89D911428F0}.Debug|iPhone.Build.0 = Debug|Any CPU
		{1ED0756E-E686-49D6-9843-D89D911428F0}.Debug|iPhone.Deploy.0 = Debug|Any CPU
		{1ED0756E-E686-49D6-9843-D89D911428F0}.Debug|iPhoneSimulator.ActiveCfg = Debug|Any CPU
		{1ED0756E-E686-49D6-9843-D89D911428F0}.Debug|iPhoneSimulator.Build.0 = Debug|Any CPU
		{1ED0756E-E686-49D6-9843-D89D911428F0}.Debug|iPhoneSimulator.Deploy.0 = Debug|Any CPU
		{1ED0756E-E686-49D6-9843-D89D911428F0}.Release|Any CPU.ActiveCfg = Release|Any CPU
		{1ED0756E-E686-49D6-9843-D89D911428F0}.Release|Any CPU.Build.0 = Release|Any CPU
		{1ED0756E-E686-49D6-9843-D89D911428F0}.Release|Any CPU.Deploy.0 = Release|Any CPU
		{1ED0756E-E686-49D6-9843-D89D911428F0}.Release|iPhone.ActiveCfg = Release|Any CPU
		{1ED0756E-E686-49D6-9843-D89D911428F0}.Release|iPhone.Build.0 = Release|Any CPU
		{1ED0756E-E686-49D6-9843-D89D911428F0}.Release|iPhone.Deploy.0 = Release|Any CPU
		{1ED0756E-E686-49D6-9843-D89D911428F0}.Release|iPhoneSimulator.ActiveCfg = Release|Any CPU
		{1ED0756E-E686-49D6-9843-D89D911428F0}.Release|iPhoneSimulator.Build.0 = Release|Any CPU
		{1ED0756E-E686-49D6-9843-D89D911428F0}.Release|iPhoneSimulator.Deploy.0 = Release|Any CPU
		{757A254F-C23F-4D00-9FF1-046287F7C476}.Debug|Any CPU.ActiveCfg = Debug|iPhoneSimulator
		{757A254F-C23F-4D00-9FF1-046287F7C476}.Debug|Any CPU.Build.0 = Debug|iPhoneSimulator
		{757A254F-C23F-4D00-9FF1-046287F7C476}.Debug|Any CPU.Deploy.0 = Debug|iPhoneSimulator
		{757A254F-C23F-4D00-9FF1-046287F7C476}.Debug|iPhone.ActiveCfg = Debug|iPhone
		{757A254F-C23F-4D00-9FF1-046287F7C476}.Debug|iPhone.Build.0 = Debug|iPhone
		{757A254F-C23F-4D00-9FF1-046287F7C476}.Debug|iPhone.Deploy.0 = Debug|iPhone
		{757A254F-C23F-4D00-9FF1-046287F7C476}.Debug|iPhoneSimulator.ActiveCfg = Debug|iPhoneSimulator
		{757A254F-C23F-4D00-9FF1-046287F7C476}.Debug|iPhoneSimulator.Build.0 = Debug|iPhoneSimulator
		{757A254F-C23F-4D00-9FF1-046287F7C476}.Debug|iPhoneSimulator.Deploy.0 = Debug|iPhoneSimulator
		{757A254F-C23F-4D00-9FF1-046287F7C476}.Release|Any CPU.ActiveCfg = Release|iPhone
		{757A254F-C23F-4D00-9FF1-046287F7C476}.Release|Any CPU.Build.0 = Release|iPhone
		{757A254F-C23F-4D00-9FF1-046287F7C476}.Release|Any CPU.Deploy.0 = Release|iPhone
		{757A254F-C23F-4D00-9FF1-046287F7C476}.Release|iPhone.ActiveCfg = Release|iPhone
		{757A254F-C23F-4D00-9FF1-046287F7C476}.Release|iPhone.Build.0 = Release|iPhone
		{757A254F-C23F-4D00-9FF1-046287F7C476}.Release|iPhone.Deploy.0 = Release|iPhone
		{757A254F-C23F-4D00-9FF1-046287F7C476}.Release|iPhoneSimulator.ActiveCfg = Release|iPhoneSimulator
		{757A254F-C23F-4D00-9FF1-046287F7C476}.Release|iPhoneSimulator.Build.0 = Release|iPhoneSimulator
		{757A254F-C23F-4D00-9FF1-046287F7C476}.Release|iPhoneSimulator.Deploy.0 = Release|iPhoneSimulator
		{8785ECA5-8AFA-4C6E-898F-8CE0C207FC7D}.Debug|Any CPU.ActiveCfg = Debug|Any CPU
		{8785ECA5-8AFA-4C6E-898F-8CE0C207FC7D}.Debug|Any CPU.Build.0 = Debug|Any CPU
		{8785ECA5-8AFA-4C6E-898F-8CE0C207FC7D}.Debug|Any CPU.Deploy.0 = Debug|Any CPU
		{8785ECA5-8AFA-4C6E-898F-8CE0C207FC7D}.Debug|iPhone.ActiveCfg = Debug|Any CPU
		{8785ECA5-8AFA-4C6E-898F-8CE0C207FC7D}.Debug|iPhone.Build.0 = Debug|Any CPU
		{8785ECA5-8AFA-4C6E-898F-8CE0C207FC7D}.Debug|iPhone.Deploy.0 = Debug|Any CPU
		{8785ECA5-8AFA-4C6E-898F-8CE0C207FC7D}.Debug|iPhoneSimulator.ActiveCfg = Debug|Any CPU
		{8785ECA5-8AFA-4C6E-898F-8CE0C207FC7D}.Debug|iPhoneSimulator.Build.0 = Debug|Any CPU
		{8785ECA5-8AFA-4C6E-898F-8CE0C207FC7D}.Debug|iPhoneSimulator.Deploy.0 = Debug|Any CPU
		{8785ECA5-8AFA-4C6E-898F-8CE0C207FC7D}.Release|Any CPU.ActiveCfg = Release|Any CPU
		{8785ECA5-8AFA-4C6E-898F-8CE0C207FC7D}.Release|Any CPU.Build.0 = Release|Any CPU
		{8785ECA5-8AFA-4C6E-898F-8CE0C207FC7D}.Release|Any CPU.Deploy.0 = Release|Any CPU
		{8785ECA5-8AFA-4C6E-898F-8CE0C207FC7D}.Release|iPhone.ActiveCfg = Release|Any CPU
		{8785ECA5-8AFA-4C6E-898F-8CE0C207FC7D}.Release|iPhone.Build.0 = Release|Any CPU
		{8785ECA5-8AFA-4C6E-898F-8CE0C207FC7D}.Release|iPhone.Deploy.0 = Release|Any CPU
		{8785ECA5-8AFA-4C6E-898F-8CE0C207FC7D}.Release|iPhoneSimulator.ActiveCfg = Release|Any CPU
		{8785ECA5-8AFA-4C6E-898F-8CE0C207FC7D}.Release|iPhoneSimulator.Build.0 = Release|Any CPU
		{8785ECA5-8AFA-4C6E-898F-8CE0C207FC7D}.Release|iPhoneSimulator.Deploy.0 = Release|Any CPU
	EndGlobalSection
	GlobalSection(SolutionProperties) = preSolution
		HideSolutionNode = FALSE
	EndGlobalSection
	GlobalSection(ExtensibilityGlobals) = postSolution
		SolutionGuid = {56287776-11F5-409B-AA7D-E30DA471FBE0}
	EndGlobalSection
EndGlobal
